// !$*UTF8*$!
{
	archiveVersion = 1;
	classes = {
	};
	objectVersion = 50;
	objects = {

/* Begin PBXBuildFile section */
		897DF2FF239785230094FDD3 /* AppDelegate.swift in Sources */ = {isa = PBXBuildFile; fileRef = 897DF2FE239785230094FDD3 /* AppDelegate.swift */; };
		897DF301239785230094FDD3 /* SceneDelegate.swift in Sources */ = {isa = PBXBuildFile; fileRef = 897DF300239785230094FDD3 /* SceneDelegate.swift */; };
		897DF303239785230094FDD3 /* ContentView.swift in Sources */ = {isa = PBXBuildFile; fileRef = 897DF302239785230094FDD3 /* ContentView.swift */; };
		897DF305239785250094FDD3 /* Assets.xcassets in Resources */ = {isa = PBXBuildFile; fileRef = 897DF304239785250094FDD3 /* Assets.xcassets */; };
		897DF308239785250094FDD3 /* Preview Assets.xcassets in Resources */ = {isa = PBXBuildFile; fileRef = 897DF307239785250094FDD3 /* Preview Assets.xcassets */; };
		897DF30B239785250094FDD3 /* LaunchScreen.storyboard in Resources */ = {isa = PBXBuildFile; fileRef = 897DF309239785250094FDD3 /* LaunchScreen.storyboard */; };
		897DF316239785250094FDD3 /* GithubSearchUser_SwiftUITests.swift in Sources */ = {isa = PBXBuildFile; fileRef = 897DF315239785250094FDD3 /* GithubSearchUser_SwiftUITests.swift */; };
		897DF321239785250094FDD3 /* GithubSearchUser_SwiftUIUITests.swift in Sources */ = {isa = PBXBuildFile; fileRef = 897DF320239785250094FDD3 /* GithubSearchUser_SwiftUIUITests.swift */; };
/* End PBXBuildFile section */

/* Begin PBXContainerItemProxy section */
		897DF312239785250094FDD3 /* PBXContainerItemProxy */ = {
			isa = PBXContainerItemProxy;
			containerPortal = 897DF2F3239785230094FDD3 /* Project object */;
			proxyType = 1;
			remoteGlobalIDString = 897DF2FA239785230094FDD3;
			remoteInfo = "GithubSearchUser-SwiftUI";
		};
		897DF31D239785250094FDD3 /* PBXContainerItemProxy */ = {
			isa = PBXContainerItemProxy;
			containerPortal = 897DF2F3239785230094FDD3 /* Project object */;
			proxyType = 1;
			remoteGlobalIDString = 897DF2FA239785230094FDD3;
			remoteInfo = "GithubSearchUser-SwiftUI";
		};
/* End PBXContainerItemProxy section */

/* Begin PBXFileReference section */
		897DF2FB239785230094FDD3 /* GithubSearchUser-SwiftUI.app */ = {isa = PBXFileReference; explicitFileType = wrapper.application; includeInIndex = 0; path = "GithubSearchUser-SwiftUI.app"; sourceTree = BUILT_PRODUCTS_DIR; };
		897DF2FE239785230094FDD3 /* AppDelegate.swift */ = {isa = PBXFileReference; lastKnownFileType = sourcecode.swift; path = AppDelegate.swift; sourceTree = "<group>"; };
		897DF300239785230094FDD3 /* SceneDelegate.swift */ = {isa = PBXFileReference; lastKnownFileType = sourcecode.swift; path = SceneDelegate.swift; sourceTree = "<group>"; };
		897DF302239785230094FDD3 /* ContentView.swift */ = {isa = PBXFileReference; lastKnownFileType = sourcecode.swift; path = ContentView.swift; sourceTree = "<group>"; };
		897DF304239785250094FDD3 /* Assets.xcassets */ = {isa = PBXFileReference; lastKnownFileType = folder.assetcatalog; path = Assets.xcassets; sourceTree = "<group>"; };
		897DF307239785250094FDD3 /* Preview Assets.xcassets */ = {isa = PBXFileReference; lastKnownFileType = folder.assetcatalog; path = "Preview Assets.xcassets"; sourceTree = "<group>"; };
		897DF30A239785250094FDD3 /* Base */ = {isa = PBXFileReference; lastKnownFileType = file.storyboard; name = Base; path = Base.lproj/LaunchScreen.storyboard; sourceTree = "<group>"; };
		897DF30C239785250094FDD3 /* Info.plist */ = {isa = PBXFileReference; lastKnownFileType = text.plist.xml; path = Info.plist; sourceTree = "<group>"; };
		897DF311239785250094FDD3 /* GithubSearchUser-SwiftUITests.xctest */ = {isa = PBXFileReference; explicitFileType = wrapper.cfbundle; includeInIndex = 0; path = "GithubSearchUser-SwiftUITests.xctest"; sourceTree = BUILT_PRODUCTS_DIR; };
		897DF315239785250094FDD3 /* GithubSearchUser_SwiftUITests.swift */ = {isa = PBXFileReference; lastKnownFileType = sourcecode.swift; path = GithubSearchUser_SwiftUITests.swift; sourceTree = "<group>"; };
		897DF317239785250094FDD3 /* Info.plist */ = {isa = PBXFileReference; lastKnownFileType = text.plist.xml; path = Info.plist; sourceTree = "<group>"; };
		897DF31C239785250094FDD3 /* GithubSearchUser-SwiftUIUITests.xctest */ = {isa = PBXFileReference; explicitFileType = wrapper.cfbundle; includeInIndex = 0; path = "GithubSearchUser-SwiftUIUITests.xctest"; sourceTree = BUILT_PRODUCTS_DIR; };
		897DF320239785250094FDD3 /* GithubSearchUser_SwiftUIUITests.swift */ = {isa = PBXFileReference; lastKnownFileType = sourcecode.swift; path = GithubSearchUser_SwiftUIUITests.swift; sourceTree = "<group>"; };
		897DF322239785250094FDD3 /* Info.plist */ = {isa = PBXFileReference; lastKnownFileType = text.plist.xml; path = Info.plist; sourceTree = "<group>"; };
/* End PBXFileReference section */

/* Begin PBXFrameworksBuildPhase section */
		897DF2F8239785230094FDD3 /* Frameworks */ = {
			isa = PBXFrameworksBuildPhase;
			buildActionMask = 2147483647;
			files = (
			);
			runOnlyForDeploymentPostprocessing = 0;
		};
		897DF30E239785250094FDD3 /* Frameworks */ = {
			isa = PBXFrameworksBuildPhase;
			buildActionMask = 2147483647;
			files = (
			);
			runOnlyForDeploymentPostprocessing = 0;
		};
		897DF319239785250094FDD3 /* Frameworks */ = {
			isa = PBXFrameworksBuildPhase;
			buildActionMask = 2147483647;
			files = (
			);
			runOnlyForDeploymentPostprocessing = 0;
		};
/* End PBXFrameworksBuildPhase section */

/* Begin PBXGroup section */
		897DF2F2239785230094FDD3 = {
			isa = PBXGroup;
			children = (
				897DF2FD239785230094FDD3 /* GithubSearchUser-SwiftUI */,
				897DF314239785250094FDD3 /* GithubSearchUser-SwiftUITests */,
				897DF31F239785250094FDD3 /* GithubSearchUser-SwiftUIUITests */,
				897DF2FC239785230094FDD3 /* Products */,
			);
			sourceTree = "<group>";
		};
		897DF2FC239785230094FDD3 /* Products */ = {
			isa = PBXGroup;
			children = (
				897DF2FB239785230094FDD3 /* GithubSearchUser-SwiftUI.app */,
				897DF311239785250094FDD3 /* GithubSearchUser-SwiftUITests.xctest */,
				897DF31C239785250094FDD3 /* GithubSearchUser-SwiftUIUITests.xctest */,
			);
			name = Products;
			sourceTree = "<group>";
		};
		897DF2FD239785230094FDD3 /* GithubSearchUser-SwiftUI */ = {
			isa = PBXGroup;
			children = (
				897DF2FE239785230094FDD3 /* AppDelegate.swift */,
				897DF300239785230094FDD3 /* SceneDelegate.swift */,
				897DF302239785230094FDD3 /* ContentView.swift */,
				897DF304239785250094FDD3 /* Assets.xcassets */,
				897DF309239785250094FDD3 /* LaunchScreen.storyboard */,
				897DF30C239785250094FDD3 /* Info.plist */,
				897DF306239785250094FDD3 /* Preview Content */,
			);
			path = "GithubSearchUser-SwiftUI";
			sourceTree = "<group>";
		};
		897DF306239785250094FDD3 /* Preview Content */ = {
			isa = PBXGroup;
			children = (
				897DF307239785250094FDD3 /* Preview Assets.xcassets */,
			);
			path = "Preview Content";
			sourceTree = "<group>";
		};
		897DF314239785250094FDD3 /* GithubSearchUser-SwiftUITests */ = {
			isa = PBXGroup;
			children = (
				897DF315239785250094FDD3 /* GithubSearchUser_SwiftUITests.swift */,
				897DF317239785250094FDD3 /* Info.plist */,
			);
			path = "GithubSearchUser-SwiftUITests";
			sourceTree = "<group>";
		};
		897DF31F239785250094FDD3 /* GithubSearchUser-SwiftUIUITests */ = {
			isa = PBXGroup;
			children = (
				897DF320239785250094FDD3 /* GithubSearchUser_SwiftUIUITests.swift */,
				897DF322239785250094FDD3 /* Info.plist */,
			);
			path = "GithubSearchUser-SwiftUIUITests";
			sourceTree = "<group>";
		};
/* End PBXGroup section */

/* Begin PBXNativeTarget section */
		897DF2FA239785230094FDD3 /* GithubSearchUser-SwiftUI */ = {
			isa = PBXNativeTarget;
			buildConfigurationList = 897DF325239785250094FDD3 /* Build configuration list for PBXNativeTarget "GithubSearchUser-SwiftUI" */;
			buildPhases = (
				897DF2F7239785230094FDD3 /* Sources */,
				897DF2F8239785230094FDD3 /* Frameworks */,
				897DF2F9239785230094FDD3 /* Resources */,
			);
			buildRules = (
			);
			dependencies = (
			);
			name = "GithubSearchUser-SwiftUI";
			productName = "GithubSearchUser-SwiftUI";
			productReference = 897DF2FB239785230094FDD3 /* GithubSearchUser-SwiftUI.app */;
			productType = "com.apple.product-type.application";
		};
		897DF310239785250094FDD3 /* GithubSearchUser-SwiftUITests */ = {
			isa = PBXNativeTarget;
			buildConfigurationList = 897DF328239785250094FDD3 /* Build configuration list for PBXNativeTarget "GithubSearchUser-SwiftUITests" */;
			buildPhases = (
				897DF30D239785250094FDD3 /* Sources */,
				897DF30E239785250094FDD3 /* Frameworks */,
				897DF30F239785250094FDD3 /* Resources */,
			);
			buildRules = (
			);
			dependencies = (
				897DF313239785250094FDD3 /* PBXTargetDependency */,
			);
			name = "GithubSearchUser-SwiftUITests";
			productName = "GithubSearchUser-SwiftUITests";
			productReference = 897DF311239785250094FDD3 /* GithubSearchUser-SwiftUITests.xctest */;
			productType = "com.apple.product-type.bundle.unit-test";
		};
		897DF31B239785250094FDD3 /* GithubSearchUser-SwiftUIUITests */ = {
			isa = PBXNativeTarget;
			buildConfigurationList = 897DF32B239785250094FDD3 /* Build configuration list for PBXNativeTarget "GithubSearchUser-SwiftUIUITests" */;
			buildPhases = (
				897DF318239785250094FDD3 /* Sources */,
				897DF319239785250094FDD3 /* Frameworks */,
				897DF31A239785250094FDD3 /* Resources */,
			);
			buildRules = (
			);
			dependencies = (
				897DF31E239785250094FDD3 /* PBXTargetDependency */,
			);
			name = "GithubSearchUser-SwiftUIUITests";
			productName = "GithubSearchUser-SwiftUIUITests";
			productReference = 897DF31C239785250094FDD3 /* GithubSearchUser-SwiftUIUITests.xctest */;
			productType = "com.apple.product-type.bundle.ui-testing";
		};
/* End PBXNativeTarget section */

/* Begin PBXProject section */
		897DF2F3239785230094FDD3 /* Project object */ = {
			isa = PBXProject;
			attributes = {
				LastSwiftUpdateCheck = 1120;
				LastUpgradeCheck = 1120;
				ORGANIZATIONNAME = "Wayne Kim";
				TargetAttributes = {
					897DF2FA239785230094FDD3 = {
						CreatedOnToolsVersion = 11.2.1;
					};
					897DF310239785250094FDD3 = {
						CreatedOnToolsVersion = 11.2.1;
						TestTargetID = 897DF2FA239785230094FDD3;
					};
					897DF31B239785250094FDD3 = {
						CreatedOnToolsVersion = 11.2.1;
						TestTargetID = 897DF2FA239785230094FDD3;
					};
				};
			};
			buildConfigurationList = 897DF2F6239785230094FDD3 /* Build configuration list for PBXProject "GithubSearchUser-SwiftUI" */;
			compatibilityVersion = "Xcode 9.3";
			developmentRegion = en;
			hasScannedForEncodings = 0;
			knownRegions = (
				en,
				Base,
			);
			mainGroup = 897DF2F2239785230094FDD3;
			productRefGroup = 897DF2FC239785230094FDD3 /* Products */;
			projectDirPath = "";
			projectRoot = "";
			targets = (
				897DF2FA239785230094FDD3 /* GithubSearchUser-SwiftUI */,
				897DF310239785250094FDD3 /* GithubSearchUser-SwiftUITests */,
				897DF31B239785250094FDD3 /* GithubSearchUser-SwiftUIUITests */,
			);
		};
/* End PBXProject section */

/* Begin PBXResourcesBuildPhase section */
		897DF2F9239785230094FDD3 /* Resources */ = {
			isa = PBXResourcesBuildPhase;
			buildActionMask = 2147483647;
			files = (
				897DF30B239785250094FDD3 /* LaunchScreen.storyboard in Resources */,
				897DF308239785250094FDD3 /* Preview Assets.xcassets in Resources */,
				897DF305239785250094FDD3 /* Assets.xcassets in Resources */,
			);
			runOnlyForDeploymentPostprocessing = 0;
		};
		897DF30F239785250094FDD3 /* Resources */ = {
			isa = PBXResourcesBuildPhase;
			buildActionMask = 2147483647;
			files = (
			);
			runOnlyForDeploymentPostprocessing = 0;
		};
		897DF31A239785250094FDD3 /* Resources */ = {
			isa = PBXResourcesBuildPhase;
			buildActionMask = 2147483647;
			files = (
			);
			runOnlyForDeploymentPostprocessing = 0;
		};
/* End PBXResourcesBuildPhase section */

/* Begin PBXSourcesBuildPhase section */
		897DF2F7239785230094FDD3 /* Sources */ = {
			isa = PBXSourcesBuildPhase;
			buildActionMask = 2147483647;
			files = (
				897DF2FF239785230094FDD3 /* AppDelegate.swift in Sources */,
				897DF301239785230094FDD3 /* SceneDelegate.swift in Sources */,
				897DF303239785230094FDD3 /* ContentView.swift in Sources */,
			);
			runOnlyForDeploymentPostprocessing = 0;
		};
		897DF30D239785250094FDD3 /* Sources */ = {
			isa = PBXSourcesBuildPhase;
			buildActionMask = 2147483647;
			files = (
				897DF316239785250094FDD3 /* GithubSearchUser_SwiftUITests.swift in Sources */,
			);
			runOnlyForDeploymentPostprocessing = 0;
		};
		897DF318239785250094FDD3 /* Sources */ = {
			isa = PBXSourcesBuildPhase;
			buildActionMask = 2147483647;
			files = (
				897DF321239785250094FDD3 /* GithubSearchUser_SwiftUIUITests.swift in Sources */,
			);
			runOnlyForDeploymentPostprocessing = 0;
		};
/* End PBXSourcesBuildPhase section */

/* Begin PBXTargetDependency section */
		897DF313239785250094FDD3 /* PBXTargetDependency */ = {
			isa = PBXTargetDependency;
			target = 897DF2FA239785230094FDD3 /* GithubSearchUser-SwiftUI */;
			targetProxy = 897DF312239785250094FDD3 /* PBXContainerItemProxy */;
		};
		897DF31E239785250094FDD3 /* PBXTargetDependency */ = {
			isa = PBXTargetDependency;
			target = 897DF2FA239785230094FDD3 /* GithubSearchUser-SwiftUI */;
			targetProxy = 897DF31D239785250094FDD3 /* PBXContainerItemProxy */;
		};
/* End PBXTargetDependency section */

/* Begin PBXVariantGroup section */
		897DF309239785250094FDD3 /* LaunchScreen.storyboard */ = {
			isa = PBXVariantGroup;
			children = (
				897DF30A239785250094FDD3 /* Base */,
			);
			name = LaunchScreen.storyboard;
			sourceTree = "<group>";
		};
/* End PBXVariantGroup section */

/* Begin XCBuildConfiguration section */
		897DF323239785250094FDD3 /* Debug */ = {
			isa = XCBuildConfiguration;
			buildSettings = {
				ALWAYS_SEARCH_USER_PATHS = NO;
				CLANG_ANALYZER_NONNULL = YES;
				CLANG_ANALYZER_NUMBER_OBJECT_CONVERSION = YES_AGGRESSIVE;
				CLANG_CXX_LANGUAGE_STANDARD = "gnu++14";
				CLANG_CXX_LIBRARY = "libc++";
				CLANG_ENABLE_MODULES = YES;
				CLANG_ENABLE_OBJC_ARC = YES;
				CLANG_ENABLE_OBJC_WEAK = YES;
				CLANG_WARN_BLOCK_CAPTURE_AUTORELEASING = YES;
				CLANG_WARN_BOOL_CONVERSION = YES;
				CLANG_WARN_COMMA = YES;
				CLANG_WARN_CONSTANT_CONVERSION = YES;
				CLANG_WARN_DEPRECATED_OBJC_IMPLEMENTATIONS = YES;
				CLANG_WARN_DIRECT_OBJC_ISA_USAGE = YES_ERROR;
				CLANG_WARN_DOCUMENTATION_COMMENTS = YES;
				CLANG_WARN_EMPTY_BODY = YES;
				CLANG_WARN_ENUM_CONVERSION = YES;
				CLANG_WARN_INFINITE_RECURSION = YES;
				CLANG_WARN_INT_CONVERSION = YES;
				CLANG_WARN_NON_LITERAL_NULL_CONVERSION = YES;
				CLANG_WARN_OBJC_IMPLICIT_RETAIN_SELF = YES;
				CLANG_WARN_OBJC_LITERAL_CONVERSION = YES;
				CLANG_WARN_OBJC_ROOT_CLASS = YES_ERROR;
				CLANG_WARN_RANGE_LOOP_ANALYSIS = YES;
				CLANG_WARN_STRICT_PROTOTYPES = YES;
				CLANG_WARN_SUSPICIOUS_MOVE = YES;
				CLANG_WARN_UNGUARDED_AVAILABILITY = YES_AGGRESSIVE;
				CLANG_WARN_UNREACHABLE_CODE = YES;
				CLANG_WARN__DUPLICATE_METHOD_MATCH = YES;
				COPY_PHASE_STRIP = NO;
				DEBUG_INFORMATION_FORMAT = dwarf;
				ENABLE_STRICT_OBJC_MSGSEND = YES;
				ENABLE_TESTABILITY = YES;
				GCC_C_LANGUAGE_STANDARD = gnu11;
				GCC_DYNAMIC_NO_PIC = NO;
				GCC_NO_COMMON_BLOCKS = YES;
				GCC_OPTIMIZATION_LEVEL = 0;
				GCC_PREPROCESSOR_DEFINITIONS = (
					"DEBUG=1",
					"$(inherited)",
				);
				GCC_WARN_64_TO_32_BIT_CONVERSION = YES;
				GCC_WARN_ABOUT_RETURN_TYPE = YES_ERROR;
				GCC_WARN_UNDECLARED_SELECTOR = YES;
				GCC_WARN_UNINITIALIZED_AUTOS = YES_AGGRESSIVE;
				GCC_WARN_UNUSED_FUNCTION = YES;
				GCC_WARN_UNUSED_VARIABLE = YES;
				IPHONEOS_DEPLOYMENT_TARGET = 13.2;
				MTL_ENABLE_DEBUG_INFO = INCLUDE_SOURCE;
				MTL_FAST_MATH = YES;
				ONLY_ACTIVE_ARCH = YES;
				SDKROOT = iphoneos;
				SWIFT_ACTIVE_COMPILATION_CONDITIONS = DEBUG;
				SWIFT_OPTIMIZATION_LEVEL = "-Onone";
			};
			name = Debug;
		};
		897DF324239785250094FDD3 /* Release */ = {
			isa = XCBuildConfiguration;
			buildSettings = {
				ALWAYS_SEARCH_USER_PATHS = NO;
				CLANG_ANALYZER_NONNULL = YES;
				CLANG_ANALYZER_NUMBER_OBJECT_CONVERSION = YES_AGGRESSIVE;
				CLANG_CXX_LANGUAGE_STANDARD = "gnu++14";
				CLANG_CXX_LIBRARY = "libc++";
				CLANG_ENABLE_MODULES = YES;
				CLANG_ENABLE_OBJC_ARC = YES;
				CLANG_ENABLE_OBJC_WEAK = YES;
				CLANG_WARN_BLOCK_CAPTURE_AUTORELEASING = YES;
				CLANG_WARN_BOOL_CONVERSION = YES;
				CLANG_WARN_COMMA = YES;
				CLANG_WARN_CONSTANT_CONVERSION = YES;
				CLANG_WARN_DEPRECATED_OBJC_IMPLEMENTATIONS = YES;
				CLANG_WARN_DIRECT_OBJC_ISA_USAGE = YES_ERROR;
				CLANG_WARN_DOCUMENTATION_COMMENTS = YES;
				CLANG_WARN_EMPTY_BODY = YES;
				CLANG_WARN_ENUM_CONVERSION = YES;
				CLANG_WARN_INFINITE_RECURSION = YES;
				CLANG_WARN_INT_CONVERSION = YES;
				CLANG_WARN_NON_LITERAL_NULL_CONVERSION = YES;
				CLANG_WARN_OBJC_IMPLICIT_RETAIN_SELF = YES;
				CLANG_WARN_OBJC_LITERAL_CONVERSION = YES;
				CLANG_WARN_OBJC_ROOT_CLASS = YES_ERROR;
				CLANG_WARN_RANGE_LOOP_ANALYSIS = YES;
				CLANG_WARN_STRICT_PROTOTYPES = YES;
				CLANG_WARN_SUSPICIOUS_MOVE = YES;
				CLANG_WARN_UNGUARDED_AVAILABILITY = YES_AGGRESSIVE;
				CLANG_WARN_UNREACHABLE_CODE = YES;
				CLANG_WARN__DUPLICATE_METHOD_MATCH = YES;
				COPY_PHASE_STRIP = NO;
				DEBUG_INFORMATION_FORMAT = "dwarf-with-dsym";
				ENABLE_NS_ASSERTIONS = NO;
				ENABLE_STRICT_OBJC_MSGSEND = YES;
				GCC_C_LANGUAGE_STANDARD = gnu11;
				GCC_NO_COMMON_BLOCKS = YES;
				GCC_WARN_64_TO_32_BIT_CONVERSION = YES;
				GCC_WARN_ABOUT_RETURN_TYPE = YES_ERROR;
				GCC_WARN_UNDECLARED_SELECTOR = YES;
				GCC_WARN_UNINITIALIZED_AUTOS = YES_AGGRESSIVE;
				GCC_WARN_UNUSED_FUNCTION = YES;
				GCC_WARN_UNUSED_VARIABLE = YES;
				IPHONEOS_DEPLOYMENT_TARGET = 13.2;
				MTL_ENABLE_DEBUG_INFO = NO;
				MTL_FAST_MATH = YES;
				SDKROOT = iphoneos;
				SWIFT_COMPILATION_MODE = wholemodule;
				SWIFT_OPTIMIZATION_LEVEL = "-O";
				VALIDATE_PRODUCT = YES;
			};
			name = Release;
		};
		897DF326239785250094FDD3 /* Debug */ = {
			isa = XCBuildConfiguration;
			buildSettings = {
				ASSETCATALOG_COMPILER_APPICON_NAME = AppIcon;
				CODE_SIGN_STYLE = Automatic;
				DEVELOPMENT_ASSET_PATHS = "\"GithubSearchUser-SwiftUI/Preview Content\"";
				DEVELOPMENT_TEAM = P9JY9X5WNV;
				ENABLE_PREVIEWS = YES;
				INFOPLIST_FILE = "GithubSearchUser-SwiftUI/Info.plist";
				LD_RUNPATH_SEARCH_PATHS = (
					"$(inherited)",
					"@executable_path/Frameworks",
				);
				PRODUCT_BUNDLE_IDENTIFIER = "Wayne.GithubSearchUser-SwiftUI";
				PRODUCT_NAME = "$(TARGET_NAME)";
				SWIFT_VERSION = 5.0;
				TARGETED_DEVICE_FAMILY = "1,2";
			};
			name = Debug;
		};
		897DF327239785250094FDD3 /* Release */ = {
			isa = XCBuildConfiguration;
			buildSettings = {
				ASSETCATALOG_COMPILER_APPICON_NAME = AppIcon;
				CODE_SIGN_STYLE = Automatic;
				DEVELOPMENT_ASSET_PATHS = "\"GithubSearchUser-SwiftUI/Preview Content\"";
				DEVELOPMENT_TEAM = P9JY9X5WNV;
				ENABLE_PREVIEWS = YES;
				INFOPLIST_FILE = "GithubSearchUser-SwiftUI/Info.plist";
				LD_RUNPATH_SEARCH_PATHS = (
					"$(inherited)",
					"@executable_path/Frameworks",
				);
				PRODUCT_BUNDLE_IDENTIFIER = "Wayne.GithubSearchUser-SwiftUI";
				PRODUCT_NAME = "$(TARGET_NAME)";
				SWIFT_VERSION = 5.0;
				TARGETED_DEVICE_FAMILY = "1,2";
			};
			name = Release;
		};
		897DF329239785250094FDD3 /* Debug */ = {
			isa = XCBuildConfiguration;
			buildSettings = {
				ALWAYS_EMBED_SWIFT_STANDARD_LIBRARIES = YES;
				BUNDLE_LOADER = "$(TEST_HOST)";
				CODE_SIGN_STYLE = Automatic;
				DEVELOPMENT_TEAM = P9JY9X5WNV;
				INFOPLIST_FILE = "GithubSearchUser-SwiftUITests/Info.plist";
				IPHONEOS_DEPLOYMENT_TARGET = 13.2;
				LD_RUNPATH_SEARCH_PATHS = (
					"$(inherited)",
					"@executable_path/Frameworks",
					"@loader_path/Frameworks",
				);
				PRODUCT_BUNDLE_IDENTIFIER = "Wayne.GithubSearchUser-SwiftUITests";
				PRODUCT_NAME = "$(TARGET_NAME)";
				SWIFT_VERSION = 5.0;
				TARGETED_DEVICE_FAMILY = "1,2";
				TEST_HOST = "$(BUILT_PRODUCTS_DIR)/GithubSearchUser-SwiftUI.app/GithubSearchUser-SwiftUI";
			};
			name = Debug;
		};
		897DF32A239785250094FDD3 /* Release */ = {
			isa = XCBuildConfiguration;
			buildSettings = {
				ALWAYS_EMBED_SWIFT_STANDARD_LIBRARIES = YES;
				BUNDLE_LOADER = "$(TEST_HOST)";
				CODE_SIGN_STYLE = Automatic;
				DEVELOPMENT_TEAM = P9JY9X5WNV;
				INFOPLIST_FILE = "GithubSearchUser-SwiftUITests/Info.plist";
				IPHONEOS_DEPLOYMENT_TARGET = 13.2;
				LD_RUNPATH_SEARCH_PATHS = (
					"$(inherited)",
					"@executable_path/Frameworks",
					"@loader_path/Frameworks",
				);
				PRODUCT_BUNDLE_IDENTIFIER = "Wayne.GithubSearchUser-SwiftUITests";
				PRODUCT_NAME = "$(TARGET_NAME)";
				SWIFT_VERSION = 5.0;
				TARGETED_DEVICE_FAMILY = "1,2";
				TEST_HOST = "$(BUILT_PRODUCTS_DIR)/GithubSearchUser-SwiftUI.app/GithubSearchUser-SwiftUI";
			};
			name = Release;
		};
		897DF32C239785250094FDD3 /* Debug */ = {
			isa = XCBuildConfiguration;
			buildSettings = {
				ALWAYS_EMBED_SWIFT_STANDARD_LIBRARIES = YES;
				CODE_SIGN_STYLE = Automatic;
				DEVELOPMENT_TEAM = P9JY9X5WNV;
				INFOPLIST_FILE = "GithubSearchUser-SwiftUIUITests/Info.plist";
				LD_RUNPATH_SEARCH_PATHS = (
					"$(inherited)",
					"@executable_path/Frameworks",
					"@loader_path/Frameworks",
				);
				PRODUCT_BUNDLE_IDENTIFIER = "Wayne.GithubSearchUser-SwiftUIUITests";
				PRODUCT_NAME = "$(TARGET_NAME)";
				SWIFT_VERSION = 5.0;
				TARGETED_DEVICE_FAMILY = "1,2";
				TEST_TARGET_NAME = "GithubSearchUser-SwiftUI";
			};
			name = Debug;
		};
		897DF32D239785250094FDD3 /* Release */ = {
			isa = XCBuildConfiguration;
			buildSettings = {
				ALWAYS_EMBED_SWIFT_STANDARD_LIBRARIES = YES;
				CODE_SIGN_STYLE = Automatic;
				DEVELOPMENT_TEAM = P9JY9X5WNV;
				INFOPLIST_FILE = "GithubSearchUser-SwiftUIUITests/Info.plist";
				LD_RUNPATH_SEARCH_PATHS = (
					"$(inherited)",
					"@executable_path/Frameworks",
					"@loader_path/Frameworks",
				);
				PRODUCT_BUNDLE_IDENTIFIER = "Wayne.GithubSearchUser-SwiftUIUITests";
				PRODUCT_NAME = "$(TARGET_NAME)";
				SWIFT_VERSION = 5.0;
				TARGETED_DEVICE_FAMILY = "1,2";
				TEST_TARGET_NAME = "GithubSearchUser-SwiftUI";
			};
			name = Release;
		};
/* End XCBuildConfiguration section */

/* Begin XCConfigurationList section */
		897DF2F6239785230094FDD3 /* Build configuration list for PBXProject "GithubSearchUser-SwiftUI" */ = {
			isa = XCConfigurationList;
			buildConfigurations = (
				897DF323239785250094FDD3 /* Debug */,
				897DF324239785250094FDD3 /* Release */,
			);
			defaultConfigurationIsVisible = 0;
			defaultConfigurationName = Release;
		};
		897DF325239785250094FDD3 /* Build configuration list for PBXNativeTarget "GithubSearchUser-SwiftUI" */ = {
			isa = XCConfigurationList;
			buildConfigurations = (
				897DF326239785250094FDD3 /* Debug */,
				897DF327239785250094FDD3 /* Release */,
			);
			defaultConfigurationIsVisible = 0;
			defaultConfigurationName = Release;
		};
		897DF328239785250094FDD3 /* Build configuration list for PBXNativeTarget "GithubSearchUser-SwiftUITests" */ = {
			isa = XCConfigurationList;
			buildConfigurations = (
				897DF329239785250094FDD3 /* Debug */,
				897DF32A239785250094FDD3 /* Release */,
			);
			defaultConfigurationIsVisible = 0;
			defaultConfigurationName = Release;
		};
		897DF32B239785250094FDD3 /* Build configuration list for PBXNativeTarget "GithubSearchUser-SwiftUIUITests" */ = {
			isa = XCConfigurationList;
			buildConfigurations = (
				897DF32C239785250094FDD3 /* Debug */,
				897DF32D239785250094FDD3 /* Release */,
			);
			defaultConfigurationIsVisible = 0;
			defaultConfigurationName = Release;
		};
/* End XCConfigurationList section */
	};
	rootObject = 897DF2F3239785230094FDD3 /* Project object */;
}
